# Generated by pub
# See http://pub.dartlang.org/doc/glossary.html#lockfile

{"packages":{"stagexl":{"version":"0.7.4","source":"git","description":{"url":"https://github.com/bp74/StageXL.git","ref":null,"resolved-ref":"d48e411d1184565e861051924e372b9958d08577"}},"browser":{"version":"0.4.4+4","source":"hosted","description":"browser"},"meta":{"version":"0.4.4+4","source":"hosted","description":"meta"}}}
